
Microsoft Visual Studio Solution File, Format Version 12.00
# Visual Studio Version 17
VisualStudioVersion = 17.5.33516.290
MinimumVisualStudioVersion = 10.0.40219.1
Project("{FAE04EC0-301F-11D3-BF4B-00C04F79EFBC}") = "LearnFuncApp", "LearnFuncApp\LearnFuncApp.csproj", "{88F1677D-A897-49AA-AAD3-C931BA6CB10D}"
EndProject
Global
	GlobalSection(SolutionConfigurationPlatforms) = preSolution
		Debug|Any CPU = Debug|Any CPU
		Release|Any CPU = Release|Any CPU
	EndGlobalSection
	GlobalSection(ProjectConfigurationPlatforms) = postSolution
		{88F1677D-A897-49AA-AAD3-C931BA6CB10D}.Debug|Any CPU.ActiveCfg = Debug|Any CPU
		{88F1677D-A897-49AA-AAD3-C931BA6CB10D}.Debug|Any CPU.Build.0 = Debug|Any CPU
		{88F1677D-A897-49AA-AAD3-C931BA6CB10D}.Release|Any CPU.ActiveCfg = Release|Any CPU
		{88F1677D-A897-49AA-AAD3-C931BA6CB10D}.Release|Any CPU.Build.0 = Release|Any CPU
	EndGlobalSection
	GlobalSection(SolutionProperties) = preSolution
		HideSolutionNode = FALSE
	EndGlobalSection
	GlobalSection(ExtensibilityGlobals) = postSolution
		SolutionGuid = {DA7D9D93-62BB-4655-8FE9-A311213EC0C8}
	EndGlobalSection
EndGlobal
